
Microsoft Visual Studio Solution File, Format Version 12.00
# Visual Studio Version 17
VisualStudioVersion = 17.5.33502.453
MinimumVisualStudioVersion = 10.0.40219.1
Project("{FAE04EC0-301F-11D3-BF4B-00C04F79EFBC}") = "FornecedorCrud", "FornecedorCrud\FornecedorCrud.csproj", "{1F1FAF7A-DBD3-4845-AC51-6BDF87B2F443}"
EndProject
Global
	GlobalSection(SolutionConfigurationPlatforms) = preSolution
		Debug|Any CPU = Debug|Any CPU
		Release|Any CPU = Release|Any CPU
	EndGlobalSection
	GlobalSection(ProjectConfigurationPlatforms) = postSolution
		{1F1FAF7A-DBD3-4845-AC51-6BDF87B2F443}.Debug|Any CPU.ActiveCfg = Debug|Any CPU
		{1F1FAF7A-DBD3-4845-AC51-6BDF87B2F443}.Debug|Any CPU.Build.0 = Debug|Any CPU
		{1F1FAF7A-DBD3-4845-AC51-6BDF87B2F443}.Release|Any CPU.ActiveCfg = Release|Any CPU
		{1F1FAF7A-DBD3-4845-AC51-6BDF87B2F443}.Release|Any CPU.Build.0 = Release|Any CPU
	EndGlobalSection
	GlobalSection(SolutionProperties) = preSolution
		HideSolutionNode = FALSE
	EndGlobalSection
	GlobalSection(ExtensibilityGlobals) = postSolution
		SolutionGuid = {D74EB2C8-F8FD-4248-ABAE-3FFED4BCA5A4}
	EndGlobalSection
EndGlobal
